# THIS IS AN AUTOGENERATED FILE. DO NOT EDIT THIS FILE DIRECTLY.
# yarn lockfile v1


html-to-image@^1.9.0:
  version "1.9.0"
  resolved "https://registry.yarnpkg.com/html-to-image/-/html-to-image-1.9.0.tgz#cb49bf9f4b37376771c85cfdd65863ae9420b268"
  integrity sha512-9gaDCIYg62Ek07F2pBk76AHgYZ2gxq2YALU7rK3gNCqXuhu6cWzsOQqM7qGbjZiOzxGzrU1deDqZpAod2NEwbA==
